
Microsoft Visual Studio Solution File, Format Version 12.00
# Visual Studio Version 16
VisualStudioVersion = 16.0.29503.13
MinimumVisualStudioVersion = 10.0.40219.1
Project("{FAE04EC0-301F-11D3-BF4B-00C04F79EFBC}") = "csFallingBlocks", "csFallingBlocks.csproj", "{7C899545-43D1-46E0-A889-762EECA1F36A}"
EndProject
Global
	GlobalSection(SolutionConfigurationPlatforms) = preSolution
		Debug|Any CPU = Debug|Any CPU
		Release|Any CPU = Release|Any CPU
	EndGlobalSection
	GlobalSection(ProjectConfigurationPlatforms) = postSolution
		{7C899545-43D1-46E0-A889-762EECA1F36A}.Debug|Any CPU.ActiveCfg = Debug|Any CPU
		{7C899545-43D1-46E0-A889-762EECA1F36A}.Debug|Any CPU.Build.0 = Debug|Any CPU
		{7C899545-43D1-46E0-A889-762EECA1F36A}.Release|Any CPU.ActiveCfg = Release|Any CPU
		{7C899545-43D1-46E0-A889-762EECA1F36A}.Release|Any CPU.Build.0 = Release|Any CPU
	EndGlobalSection
	GlobalSection(SolutionProperties) = preSolution
		HideSolutionNode = FALSE
	EndGlobalSection
	GlobalSection(ExtensibilityGlobals) = postSolution
		SolutionGuid = {992A1AC4-D524-476D-ABC5-1378A98D960A}
	EndGlobalSection
EndGlobal
